
Microsoft Visual Studio Solution File, Format Version 12.00
# Visual Studio 2012
Project("{8BC9CEB8-8B4A-11D0-8D11-00A0C91BC942}") = "OPEngine", "OPEngine\OPEngine.vcxproj", "{2467A788-55C0-4E00-8EA0-96939EF5AD54}"
EndProject
Global
	GlobalSection(SolutionConfigurationPlatforms) = preSolution
		Debug|Win32 = Debug|Win32
		Release|Win32 = Release|Win32
	EndGlobalSection
	GlobalSection(ProjectConfigurationPlatforms) = postSolution
		{2467A788-55C0-4E00-8EA0-96939EF5AD54}.Debug|Win32.ActiveCfg = Debug|Win32
		{2467A788-55C0-4E00-8EA0-96939EF5AD54}.Debug|Win32.Build.0 = Debug|Win32
		{2467A788-55C0-4E00-8EA0-96939EF5AD54}.Release|Win32.ActiveCfg = Release|Win32
		{2467A788-55C0-4E00-8EA0-96939EF5AD54}.Release|Win32.Build.0 = Release|Win32
	EndGlobalSection
	GlobalSection(SolutionProperties) = preSolution
		HideSolutionNode = FALSE
	EndGlobalSection
EndGlobal
